
Microsoft Visual Studio Solution File, Format Version 12.00
# Visual Studio Version 16
VisualStudioVersion = 16.0.31729.503
MinimumVisualStudioVersion = 10.0.40219.1
Project("{FAE04EC0-301F-11D3-BF4B-00C04F79EFBC}") = "NodeOrders500", "NodeOrders500.csproj", "{B2CC3F84-91A9-4BC1-8396-380D3DA7C1C8}"
EndProject
Global
	GlobalSection(SolutionConfigurationPlatforms) = preSolution
		Debug|Any CPU = Debug|Any CPU
		Release|Any CPU = Release|Any CPU
	EndGlobalSection
	GlobalSection(ProjectConfigurationPlatforms) = postSolution
		{B2CC3F84-91A9-4BC1-8396-380D3DA7C1C8}.Debug|Any CPU.ActiveCfg = Debug|Any CPU
		{B2CC3F84-91A9-4BC1-8396-380D3DA7C1C8}.Debug|Any CPU.Build.0 = Debug|Any CPU
		{B2CC3F84-91A9-4BC1-8396-380D3DA7C1C8}.Release|Any CPU.ActiveCfg = Release|Any CPU
		{B2CC3F84-91A9-4BC1-8396-380D3DA7C1C8}.Release|Any CPU.Build.0 = Release|Any CPU
	EndGlobalSection
	GlobalSection(SolutionProperties) = preSolution
		HideSolutionNode = FALSE
	EndGlobalSection
	GlobalSection(ExtensibilityGlobals) = postSolution
		SolutionGuid = {6733D0B8-C6C4-4F92-A32A-1347DB190924}
	EndGlobalSection
EndGlobal
